b9c467041960d5ef38750d8659a023e92e1ca4bbb854fccd74bc698ca4c83534  proto/clawchain/agent/module/v1/module.proto
08052505ab96137e53eb7942e8ba194c717fcdd9cd0d901020cf7f9cbc3b3479  proto/clawchain/agent/v1/genesis.proto
86c067832cd7b91b56b2b04eace6471c6f20ef4ea8674e49f413be0fef02d443  proto/clawchain/agent/v1/params.proto
d4319b53ea3b7c3519b40425d1e3285e9f83ae44a9c2a452b6ae28261f04fc87  proto/clawchain/agent/v1/query.proto
640e120081126325b1a5c5d514c05eccf1aafd5add44e677b12874e7163ee1a6  proto/clawchain/agent/v1/tx.proto
9030c684988e528332aef5f87f7c8afbb9d5b8a7f378f1c5267359ae1359478f  proto/clawchain/agent/v1/types.proto
02ca2e1e53110e368e1296e8a602c8ac746097704d604af8ed1a8de40466c063  proto/clawchain/marketplace/module/v1/module.proto
5cbd76078363ef1f15eac3973bf9916003b4960c8fcca5282a176867e3502dcd  proto/clawchain/marketplace/v1/genesis.proto
fac05a70dd3c3d616c647b20eb7be8b04ffabe4a3f8c6f4adb902ad9ee7c2f2e  proto/clawchain/marketplace/v1/params.proto
efdd5965353a9e7f76c7311cee0dcc4ed2679e77771e3d7d546fcaee91247659  proto/clawchain/marketplace/v1/query.proto
22af9c4f1a02d88a9d7497e70c670a611816828fbcf7653b76c2489c321a292e  proto/clawchain/marketplace/v1/tx.proto
8d7aa41aec43501d2b0fced8c534de5581536f749c25659b6db5184c79687e4c  proto/clawchain/marketplace/v1/types.proto
65a342e4aa972c7fc6230022800e9ccba88fd1b8a281284339da03f1f71b6146  proto/clawchain/messaging/module/v1/module.proto
53e7e50844f64d52b87e53912b906dc8bfd036f9bb174f44ac97e092b5d34cc0  proto/clawchain/messaging/v1/genesis.proto
ebb120d88ff3f554f4b2a09761b3d7e1132009a752f51bd41e9f513f7f375fbe  proto/clawchain/messaging/v1/params.proto
1f012856c3f34d51675a8031c855695fc52952af3afd6433171e9a7cce52f7ee  proto/clawchain/messaging/v1/query.proto
c000523ed3fe77561792ab79c1c38f7b649ce96dfc530e26e45a89e6999a4e48  proto/clawchain/messaging/v1/tx.proto
8abd293a8c9f7fa7ddcfd7757241cd783a57e66a3b1e3afbc23e7783d00c505c  proto/clawchain/privacy/module/v1/module.proto
70d9a2006caeae284f6ff30286e00757d61fa40d5fc8b8fc0a16d1e8de479d5b  proto/clawchain/privacy/v1/genesis.proto
3cc9e6e4c3170367cf88cf80df86c4612a8b83de60bfcf88a2d1c4845c41e16c  proto/clawchain/privacy/v1/params.proto
182300980fba4bfe4b06c9e908111653a781f673513a79fd085fe9944b4508f4  proto/clawchain/privacy/v1/query.proto
f107f41f7173c35dae6948dad763ebe6b7b09393227fad8fa84e338aaa004d50  proto/clawchain/privacy/v1/tx.proto
c38a993d50f372287287f6bcc1ab294cfe7711e9c2057749cf075734423d7bd7  proto/clawchain/reputation/module/v1/module.proto
36ce5d297d5277a78bc2d4daccf77377ba7011b45757b30167b70473b07bd465  proto/clawchain/reputation/v1/genesis.proto
d36ceca0904e446c98f7821e9eee694a37a651d1a86efec5392bdc2163cf57f7  proto/clawchain/reputation/v1/params.proto
4b56360164934968ee451c176e1036673b9de9e1ec50567b3e20afc1ebea672d  proto/clawchain/reputation/v1/query.proto
e5486ef7b83089d6bac7e9426985bc5fdd3fa02cd736ee019bc3d66552d8ed94  proto/clawchain/reputation/v1/tx.proto
4d9abe00a3da3d758ba9cec107d52eaae3aea49d939a74e5f406e7e4811eddbe  sdk/src/client.ts
0f8be1dfc8e1d987ec9fb9638e5f8d66d13569aec012154e696577dcc8e8c060  sdk/src/constants.ts
7a3c0ce6a2332e3317192bd127aa8fd856a5a10be6380af7e2c56f17949636b8  sdk/src/generated/proto-contracts.ts
f714f7d6a5a14c9fb22f327cbd5183f324b7d4ba2079114d085c765ae19b5a0f  sdk/src/types.ts
